
Microsoft Visual Studio Solution File, Format Version 12.00
# Visual Studio Version 17
VisualStudioVersion = 17.11.35222.181
MinimumVisualStudioVersion = 10.0.40219.1
Project("{FAE04EC0-301F-11D3-BF4B-00C04F79EFBC}") = "eTickets", "eTickets\eTickets.csproj", "{FDDF9788-A59E-4CC7-8416-B778D37337CF}"
EndProject
Global
	GlobalSection(SolutionConfigurationPlatforms) = preSolution
		Debug|Any CPU = Debug|Any CPU
		Release|Any CPU = Release|Any CPU
	EndGlobalSection
	GlobalSection(ProjectConfigurationPlatforms) = postSolution
		{FDDF9788-A59E-4CC7-8416-B778D37337CF}.Debug|Any CPU.ActiveCfg = Debug|Any CPU
		{FDDF9788-A59E-4CC7-8416-B778D37337CF}.Debug|Any CPU.Build.0 = Debug|Any CPU
		{FDDF9788-A59E-4CC7-8416-B778D37337CF}.Release|Any CPU.ActiveCfg = Release|Any CPU
		{FDDF9788-A59E-4CC7-8416-B778D37337CF}.Release|Any CPU.Build.0 = Release|Any CPU
	EndGlobalSection
	GlobalSection(SolutionProperties) = preSolution
		HideSolutionNode = FALSE
	EndGlobalSection
	GlobalSection(ExtensibilityGlobals) = postSolution
		SolutionGuid = {67039E6A-E734-46D9-AC6A-AAB72D5DA1FE}
	EndGlobalSection
EndGlobal
